
Microsoft Visual Studio Solution File, Format Version 12.00
# Visual Studio 15
VisualStudioVersion = 15.0.27004.2005
MinimumVisualStudioVersion = 10.0.40219.1
Project("{FAE04EC0-301F-11D3-BF4B-00C04F79EFBC}") = "WebApplication2", "WebApplication2\WebApplication2.csproj", "{8294044E-ED06-4911-A189-E06E0281C5A3}"
EndProject
Global
	GlobalSection(SolutionConfigurationPlatforms) = preSolution
		Debug|Any CPU = Debug|Any CPU
		Debug|x64 = Debug|x64
		New|Any CPU = New|Any CPU
		New|x64 = New|x64
		Release|Any CPU = Release|Any CPU
		Release|x64 = Release|x64
	EndGlobalSection
	GlobalSection(ProjectConfigurationPlatforms) = postSolution
		{8294044E-ED06-4911-A189-E06E0281C5A3}.Debug|Any CPU.ActiveCfg = Debug|Any CPU
		{8294044E-ED06-4911-A189-E06E0281C5A3}.Debug|Any CPU.Build.0 = Debug|Any CPU
		{8294044E-ED06-4911-A189-E06E0281C5A3}.Debug|x64.ActiveCfg = Debug|x64
		{8294044E-ED06-4911-A189-E06E0281C5A3}.Debug|x64.Build.0 = Debug|x64
		{8294044E-ED06-4911-A189-E06E0281C5A3}.New|Any CPU.ActiveCfg = New|Any CPU
		{8294044E-ED06-4911-A189-E06E0281C5A3}.New|Any CPU.Build.0 = New|Any CPU
		{8294044E-ED06-4911-A189-E06E0281C5A3}.New|x64.ActiveCfg = New|x64
		{8294044E-ED06-4911-A189-E06E0281C5A3}.New|x64.Build.0 = New|x64
		{8294044E-ED06-4911-A189-E06E0281C5A3}.Release|Any CPU.ActiveCfg = Release|Any CPU
		{8294044E-ED06-4911-A189-E06E0281C5A3}.Release|Any CPU.Build.0 = Release|Any CPU
		{8294044E-ED06-4911-A189-E06E0281C5A3}.Release|x64.ActiveCfg = Release|x64
		{8294044E-ED06-4911-A189-E06E0281C5A3}.Release|x64.Build.0 = Release|x64
	EndGlobalSection
	GlobalSection(SolutionProperties) = preSolution
		HideSolutionNode = FALSE
	EndGlobalSection
	GlobalSection(ExtensibilityGlobals) = postSolution
		SolutionGuid = {AB752CA2-A429-4D47-BBD2-26DAE763AF7C}
	EndGlobalSection
EndGlobal
